
Microsoft Visual Studio Solution File, Format Version 12.00
# Visual Studio Version 16
VisualStudioVersion = 16.0.28803.352
MinimumVisualStudioVersion = 10.0.40219.1
Project("{FAE04EC0-301F-11D3-BF4B-00C04F79EFBC}") = "Programming Fundamentals", "Programming Fundamentals\Programming Fundamentals.csproj", "{9F7BB630-9B6F-45C5-8DB5-6C6CF503BFB0}"
EndProject
Global
	GlobalSection(SolutionConfigurationPlatforms) = preSolution
		Debug|Any CPU = Debug|Any CPU
		Release|Any CPU = Release|Any CPU
	EndGlobalSection
	GlobalSection(ProjectConfigurationPlatforms) = postSolution
		{9F7BB630-9B6F-45C5-8DB5-6C6CF503BFB0}.Debug|Any CPU.ActiveCfg = Debug|Any CPU
		{9F7BB630-9B6F-45C5-8DB5-6C6CF503BFB0}.Debug|Any CPU.Build.0 = Debug|Any CPU
		{9F7BB630-9B6F-45C5-8DB5-6C6CF503BFB0}.Release|Any CPU.ActiveCfg = Release|Any CPU
		{9F7BB630-9B6F-45C5-8DB5-6C6CF503BFB0}.Release|Any CPU.Build.0 = Release|Any CPU
	EndGlobalSection
	GlobalSection(SolutionProperties) = preSolution
		HideSolutionNode = FALSE
	EndGlobalSection
	GlobalSection(ExtensibilityGlobals) = postSolution
		SolutionGuid = {27519968-DBCA-4776-8C5D-441D973E2D76}
	EndGlobalSection
EndGlobal
